
Microsoft Visual Studio Solution File, Format Version 12.00
# Visual Studio Version 17
VisualStudioVersion = 17.1.32319.34
MinimumVisualStudioVersion = 10.0.40219.1
Project("{FAE04EC0-301F-11D3-BF4B-00C04F79EFBC}") = "BindowanieTextBox", "BindowanieTextBox\BindowanieTextBox.csproj", "{00024E05-DC42-4BC8-AD8D-A0325DBF3CB4}"
EndProject
Global
	GlobalSection(SolutionConfigurationPlatforms) = preSolution
		Debug|Any CPU = Debug|Any CPU
		Release|Any CPU = Release|Any CPU
	EndGlobalSection
	GlobalSection(ProjectConfigurationPlatforms) = postSolution
		{00024E05-DC42-4BC8-AD8D-A0325DBF3CB4}.Debug|Any CPU.ActiveCfg = Debug|Any CPU
		{00024E05-DC42-4BC8-AD8D-A0325DBF3CB4}.Debug|Any CPU.Build.0 = Debug|Any CPU
		{00024E05-DC42-4BC8-AD8D-A0325DBF3CB4}.Release|Any CPU.ActiveCfg = Release|Any CPU
		{00024E05-DC42-4BC8-AD8D-A0325DBF3CB4}.Release|Any CPU.Build.0 = Release|Any CPU
	EndGlobalSection
	GlobalSection(SolutionProperties) = preSolution
		HideSolutionNode = FALSE
	EndGlobalSection
	GlobalSection(ExtensibilityGlobals) = postSolution
		SolutionGuid = {A3C300DC-E64F-4558-9376-B6E0BB23CCD1}
	EndGlobalSection
EndGlobal
